# This file is autogenerated, do not edit; changes may be undone by the next 'dep ensure'.


[[projects]]
  branch = "master"
  name = "github.com/ntrrg/ntgo"
  packages = [
    "net/http",
    "net/http/middleware"
  ]
  revision = "b8aca3b59b8c92098880c34f0705b4fe09e30567"

[solve-meta]
  analyzer-name = "dep"
  analyzer-version = 1
  inputs-digest = "edbebe731ffd1005d193e590d1d804991df4317e94c4f7689f26707daefdab7a"
  solver-name = "gps-cdcl"
  solver-version = 1
