# This file is autogenerated, do not edit; changes may be undone by the next 'dep ensure'.


[[projects]]
  branch = "master"
  name = "github.com/ntrrg/ntgo"
  packages = ["net/http"]
  revision = "74970dd84a4cfdffb3de079e2ad6e3b289fc4c61"

[solve-meta]
  analyzer-name = "dep"
  analyzer-version = 1
  inputs-digest = "5b43f0c0f1cb2638ea1f88ee00ee4638ac087232f418503da746ee4b63ada2cc"
  solver-name = "gps-cdcl"
  solver-version = 1
